
Microsoft Visual Studio Solution File, Format Version 12.00
Project("{FAE04EC0-301F-11D3-BF4B-00C04F79EFBC}") = "MediaTracker.Presentation", "MediaTracker.Presentation\MediaTracker.Presentation.csproj", "{F4600D45-F70E-47E7-929A-6229CC840224}"
EndProject
Project("{FAE04EC0-301F-11D3-BF4B-00C04F79EFBC}") = "MediaTracker.BLL", "MediaTracker.BLL\MediaTracker.BLL.csproj", "{81895E5C-D0EA-40CF-A7F2-0B6BCE1EE38E}"
EndProject
Project("{FAE04EC0-301F-11D3-BF4B-00C04F79EFBC}") = "MediaTracker.DAL", "MediaTracker.DAL\MediaTracker.DAL.csproj", "{909509D8-B2E4-40F3-A471-6A73ADF9B100}"
EndProject
Global
	GlobalSection(SolutionConfigurationPlatforms) = preSolution
		Debug|Any CPU = Debug|Any CPU
		Release|Any CPU = Release|Any CPU
	EndGlobalSection
	GlobalSection(ProjectConfigurationPlatforms) = postSolution
		{F4600D45-F70E-47E7-929A-6229CC840224}.Debug|Any CPU.ActiveCfg = Debug|Any CPU
		{F4600D45-F70E-47E7-929A-6229CC840224}.Debug|Any CPU.Build.0 = Debug|Any CPU
		{F4600D45-F70E-47E7-929A-6229CC840224}.Release|Any CPU.ActiveCfg = Release|Any CPU
		{F4600D45-F70E-47E7-929A-6229CC840224}.Release|Any CPU.Build.0 = Release|Any CPU
		{81895E5C-D0EA-40CF-A7F2-0B6BCE1EE38E}.Debug|Any CPU.ActiveCfg = Debug|Any CPU
		{81895E5C-D0EA-40CF-A7F2-0B6BCE1EE38E}.Debug|Any CPU.Build.0 = Debug|Any CPU
		{81895E5C-D0EA-40CF-A7F2-0B6BCE1EE38E}.Release|Any CPU.ActiveCfg = Release|Any CPU
		{81895E5C-D0EA-40CF-A7F2-0B6BCE1EE38E}.Release|Any CPU.Build.0 = Release|Any CPU
		{909509D8-B2E4-40F3-A471-6A73ADF9B100}.Debug|Any CPU.ActiveCfg = Debug|Any CPU
		{909509D8-B2E4-40F3-A471-6A73ADF9B100}.Debug|Any CPU.Build.0 = Debug|Any CPU
		{909509D8-B2E4-40F3-A471-6A73ADF9B100}.Release|Any CPU.ActiveCfg = Release|Any CPU
		{909509D8-B2E4-40F3-A471-6A73ADF9B100}.Release|Any CPU.Build.0 = Release|Any CPU
	EndGlobalSection
EndGlobal
